
Microsoft Visual Studio Solution File, Format Version 12.00
# Visual Studio 15
VisualStudioVersion = 15.0.27130.2036
MinimumVisualStudioVersion = 10.0.40219.1
Project("{FAE04EC0-301F-11D3-BF4B-00C04F79EFBC}") = "Part3", "Part3\Part3.csproj", "{850A6D22-6E87-4901-9344-30DEA7E34FE5}"
EndProject
Project("{2150E333-8FDC-42A3-9474-1A3956D46DE8}") = "Solution Items", "Solution Items", "{6EB01038-F7DC-4DA0-B6FC-4C81279D14F3}"
EndProject
Global
	GlobalSection(SolutionConfigurationPlatforms) = preSolution
		Debug|Any CPU = Debug|Any CPU
		Release|Any CPU = Release|Any CPU
	EndGlobalSection
	GlobalSection(ProjectConfigurationPlatforms) = postSolution
		{850A6D22-6E87-4901-9344-30DEA7E34FE5}.Debug|Any CPU.ActiveCfg = Debug|Any CPU
		{850A6D22-6E87-4901-9344-30DEA7E34FE5}.Debug|Any CPU.Build.0 = Debug|Any CPU
		{850A6D22-6E87-4901-9344-30DEA7E34FE5}.Release|Any CPU.ActiveCfg = Release|Any CPU
		{850A6D22-6E87-4901-9344-30DEA7E34FE5}.Release|Any CPU.Build.0 = Release|Any CPU
	EndGlobalSection
	GlobalSection(SolutionProperties) = preSolution
		HideSolutionNode = FALSE
	EndGlobalSection
	GlobalSection(ExtensibilityGlobals) = postSolution
		SolutionGuid = {C0553070-1C47-4BD8-9871-17589B7C130D}
	EndGlobalSection
EndGlobal
